
Microsoft Visual Studio Solution File, Format Version 12.00
# Visual Studio 15
VisualStudioVersion = 15.0.25428.1
MinimumVisualStudioVersion = 10.0.40219.1
Project("{2150E333-8FDC-42A3-9474-1A3956D46DE8}") = "build", "build", "{D1BF06B3-AC65-41C9-BDD4-27E0D6BB519A}"
	ProjectSection(SolutionItems) = preProject
		..\.appveyor.yml = ..\.appveyor.yml
	EndProjectSection
EndProject
Project("{FAE04EC0-301F-11D3-BF4B-00C04F79EFBC}") = "Photosphere.ServiceLocatorGeneration", "Photosphere.ServiceLocatorGeneration\Photosphere.ServiceLocatorGeneration.csproj", "{73EC53C1-1E47-4042-8A1E-D7995BD2B3D0}"
EndProject
Project("{FAE04EC0-301F-11D3-BF4B-00C04F79EFBC}") = "Photosphere.ServiceLocatorGeneration.UnitTests", "Photosphere.ServiceLocatorGeneration.UnitTests\Photosphere.ServiceLocatorGeneration.UnitTests.csproj", "{E0379C10-769B-48FB-880C-4A94AD17B97D}"
EndProject
Project("{FAE04EC0-301F-11D3-BF4B-00C04F79EFBC}") = "Photosphere.ServiceLocatorGeneration.TestAssembly", "Photosphere.ServiceLocatorGeneration.TestAssembly\Photosphere.ServiceLocatorGeneration.TestAssembly.csproj", "{E9F5CDC4-1DE3-4FC5-8FA9-24924FB6EF34}"
EndProject
Project("{FAE04EC0-301F-11D3-BF4B-00C04F79EFBC}") = "Photosphere.ServiceLocatorGeneration.IntegrationTests", "Photosphere.ServiceLocatorGeneration.IntegrationTests\Photosphere.ServiceLocatorGeneration.IntegrationTests.csproj", "{B669D28E-A10B-43D6-9009-6328582CE8A0}"
EndProject
Global
	GlobalSection(SolutionConfigurationPlatforms) = preSolution
		Debug|Any CPU = Debug|Any CPU
		Release|Any CPU = Release|Any CPU
	EndGlobalSection
	GlobalSection(ProjectConfigurationPlatforms) = postSolution
		{73EC53C1-1E47-4042-8A1E-D7995BD2B3D0}.Debug|Any CPU.ActiveCfg = Debug|Any CPU
		{73EC53C1-1E47-4042-8A1E-D7995BD2B3D0}.Debug|Any CPU.Build.0 = Debug|Any CPU
		{73EC53C1-1E47-4042-8A1E-D7995BD2B3D0}.Release|Any CPU.ActiveCfg = Release|Any CPU
		{73EC53C1-1E47-4042-8A1E-D7995BD2B3D0}.Release|Any CPU.Build.0 = Release|Any CPU
		{E0379C10-769B-48FB-880C-4A94AD17B97D}.Debug|Any CPU.ActiveCfg = Debug|Any CPU
		{E0379C10-769B-48FB-880C-4A94AD17B97D}.Debug|Any CPU.Build.0 = Debug|Any CPU
		{E0379C10-769B-48FB-880C-4A94AD17B97D}.Release|Any CPU.ActiveCfg = Release|Any CPU
		{E0379C10-769B-48FB-880C-4A94AD17B97D}.Release|Any CPU.Build.0 = Release|Any CPU
		{E9F5CDC4-1DE3-4FC5-8FA9-24924FB6EF34}.Debug|Any CPU.ActiveCfg = Debug|Any CPU
		{E9F5CDC4-1DE3-4FC5-8FA9-24924FB6EF34}.Debug|Any CPU.Build.0 = Debug|Any CPU
		{E9F5CDC4-1DE3-4FC5-8FA9-24924FB6EF34}.Release|Any CPU.ActiveCfg = Release|Any CPU
		{E9F5CDC4-1DE3-4FC5-8FA9-24924FB6EF34}.Release|Any CPU.Build.0 = Release|Any CPU
		{B669D28E-A10B-43D6-9009-6328582CE8A0}.Debug|Any CPU.ActiveCfg = Debug|Any CPU
		{B669D28E-A10B-43D6-9009-6328582CE8A0}.Debug|Any CPU.Build.0 = Debug|Any CPU
		{B669D28E-A10B-43D6-9009-6328582CE8A0}.Release|Any CPU.ActiveCfg = Release|Any CPU
		{B669D28E-A10B-43D6-9009-6328582CE8A0}.Release|Any CPU.Build.0 = Release|Any CPU
	EndGlobalSection
	GlobalSection(SolutionProperties) = preSolution
		HideSolutionNode = FALSE
	EndGlobalSection
EndGlobal
